
Microsoft Visual Studio Solution File, Format Version 12.00
# Visual Studio Version 17
VisualStudioVersion = 17.7.34221.43
MinimumVisualStudioVersion = 10.0.40219.1
Project("{FAE04EC0-301F-11D3-BF4B-00C04F79EFBC}") = "SampleQuery", "SampleQuery.csproj", "{B047F5DF-08B9-4E2F-BBD2-76A6D57CFF35}"
EndProject
Global
	GlobalSection(SolutionConfigurationPlatforms) = preSolution
		Debug|Any CPU = Debug|Any CPU
		Release|Any CPU = Release|Any CPU
	EndGlobalSection
	GlobalSection(ProjectConfigurationPlatforms) = postSolution
		{B047F5DF-08B9-4E2F-BBD2-76A6D57CFF35}.Debug|Any CPU.ActiveCfg = Debug|Any CPU
		{B047F5DF-08B9-4E2F-BBD2-76A6D57CFF35}.Debug|Any CPU.Build.0 = Debug|Any CPU
		{B047F5DF-08B9-4E2F-BBD2-76A6D57CFF35}.Release|Any CPU.ActiveCfg = Release|Any CPU
		{B047F5DF-08B9-4E2F-BBD2-76A6D57CFF35}.Release|Any CPU.Build.0 = Release|Any CPU
	EndGlobalSection
	GlobalSection(SolutionProperties) = preSolution
		HideSolutionNode = FALSE
	EndGlobalSection
	GlobalSection(ExtensibilityGlobals) = postSolution
		SolutionGuid = {3E5F1458-7A53-4688-94A1-CBCB941D2F00}
	EndGlobalSection
EndGlobal
